
Microsoft Visual Studio Solution File, Format Version 12.00
# Visual Studio Version 17
VisualStudioVersion = 17.0.31903.59
MinimumVisualStudioVersion = 10.0.40219.1
Project("{FAE04EC0-301F-11D3-BF4B-00C04F79EFBC}") = "App", "App\App.csproj", "{9FCA2965-32F8-4A55-A779-1FDBE6317914}"
EndProject
Project("{FAE04EC0-301F-11D3-BF4B-00C04F79EFBC}") = "App.Tests", "App.Tests\App.Tests.csproj", "{B89A06C1-E7A4-4ABA-8C6A-9E20DB2A1259}"
EndProject
Global
	GlobalSection(SolutionConfigurationPlatforms) = preSolution
		Debug|Any CPU = Debug|Any CPU
		Release|Any CPU = Release|Any CPU
	EndGlobalSection
	GlobalSection(SolutionProperties) = preSolution
		HideSolutionNode = FALSE
	EndGlobalSection
	GlobalSection(ProjectConfigurationPlatforms) = postSolution
		{9FCA2965-32F8-4A55-A779-1FDBE6317914}.Debug|Any CPU.ActiveCfg = Debug|Any CPU
		{9FCA2965-32F8-4A55-A779-1FDBE6317914}.Debug|Any CPU.Build.0 = Debug|Any CPU
		{9FCA2965-32F8-4A55-A779-1FDBE6317914}.Release|Any CPU.ActiveCfg = Release|Any CPU
		{9FCA2965-32F8-4A55-A779-1FDBE6317914}.Release|Any CPU.Build.0 = Release|Any CPU
		{B89A06C1-E7A4-4ABA-8C6A-9E20DB2A1259}.Debug|Any CPU.ActiveCfg = Debug|Any CPU
		{B89A06C1-E7A4-4ABA-8C6A-9E20DB2A1259}.Debug|Any CPU.Build.0 = Debug|Any CPU
		{B89A06C1-E7A4-4ABA-8C6A-9E20DB2A1259}.Release|Any CPU.ActiveCfg = Release|Any CPU
		{B89A06C1-E7A4-4ABA-8C6A-9E20DB2A1259}.Release|Any CPU.Build.0 = Release|Any CPU
	EndGlobalSection
EndGlobal
